
Microsoft Visual Studio Solution File, Format Version 12.00
# Visual Studio Version 17
VisualStudioVersion = 17.12.35527.113
MinimumVisualStudioVersion = 10.0.40219.1
Project("{FAE04EC0-301F-11D3-BF4B-00C04F79EFBC}") = "FN.APIGateway", "FN.APIGateway\FN.APIGateway.csproj", "{C8E3A768-A6E2-4AC5-8313-5F712724CDBB}"
EndProject
Project("{FAE04EC0-301F-11D3-BF4B-00C04F79EFBC}") = "FN.UserService", "FN.UserService\FN.UserService.csproj", "{D605656F-E70C-433A-8F5A-067E0B57666F}"
EndProject
Project("{FAE04EC0-301F-11D3-BF4B-00C04F79EFBC}") = "FN.DataAccess", "FN.DataAccess\FN.DataAccess.csproj", "{355D178F-A071-476D-8C71-791890307F1F}"
EndProject
Project("{2150E333-8FDC-42A3-9474-1A3956D46DE8}") = "4.Hosts", "4.Hosts", "{C2B5161A-7EFE-4111-8EDA-A4001C236681}"
EndProject
Project("{2150E333-8FDC-42A3-9474-1A3956D46DE8}") = "3.Domain", "3.Domain", "{322C81EA-28F7-4031-884D-07F8E82E2145}"
EndProject
Project("{2150E333-8FDC-42A3-9474-1A3956D46DE8}") = "2.Infrastructure", "2.Infrastructure", "{3EB4E4B1-A869-4167-85AC-61CAD6B5CD58}"
EndProject
Project("{FAE04EC0-301F-11D3-BF4B-00C04F79EFBC}") = "FN.ViewModel", "FN.ViewModel\FN.ViewModel.csproj", "{F8AE50BF-7604-420A-952E-26118374EB73}"
EndProject
Project("{FAE04EC0-301F-11D3-BF4B-00C04F79EFBC}") = "FN.Utilities", "FN.Utilities\FN.Utilities.csproj", "{F7D30A7D-0925-4CD8-A76D-C27E80EAA302}"
EndProject
Project("{FAE04EC0-301F-11D3-BF4B-00C04F79EFBC}") = "FN.Application", "FN.Application\FN.Application.csproj", "{5EC43176-83E2-4EF2-81F2-9C87DDE869FA}"
EndProject
Project("{2150E333-8FDC-42A3-9474-1A3956D46DE8}") = "1.SolutionItem", "1.SolutionItem", "{DE896136-49DD-4B6E-985F-C1761A1F3A73}"
	ProjectSection(SolutionItems) = preProject
		README.md = README.md
	EndProjectSection
EndProject
Project("{2150E333-8FDC-42A3-9474-1A3956D46DE8}") = "Uml", "Uml", "{6AA0B328-4096-4C29-9FAA-B82C4B871B3F}"
EndProject
Project("{FAE04EC0-301F-11D3-BF4B-00C04F79EFBC}") = "FN.EmailService", "FN.EmailService\FN.EmailService.csproj", "{19DBAFEA-2F19-46C9-A10C-81539EF7287E}"
EndProject
Project("{FAE04EC0-301F-11D3-BF4B-00C04F79EFBC}") = "FN.Extensions", "FN.Extensions\FN.Extensions.csproj", "{139E8B46-358F-457C-8304-B59F0C5ADD7F}"
EndProject
Project("{FAE04EC0-301F-11D3-BF4B-00C04F79EFBC}") = "FN.AIService", "FN.AIService\FN.AIService.csproj", "{38B759FC-DFD1-4AA0-B243-553C09820355}"
EndProject
Project("{FAE04EC0-301F-11D3-BF4B-00C04F79EFBC}") = "FN.CatalogService", "FN.CatalogService\FN.CatalogService.csproj", "{C7247AD2-94A0-4057-8E61-1F535D5055BC}"
EndProject
Global
	GlobalSection(SolutionConfigurationPlatforms) = preSolution
		Debug|Any CPU = Debug|Any CPU
		Release|Any CPU = Release|Any CPU
	EndGlobalSection
	GlobalSection(ProjectConfigurationPlatforms) = postSolution
		{C8E3A768-A6E2-4AC5-8313-5F712724CDBB}.Debug|Any CPU.ActiveCfg = Debug|Any CPU
		{C8E3A768-A6E2-4AC5-8313-5F712724CDBB}.Debug|Any CPU.Build.0 = Debug|Any CPU
		{C8E3A768-A6E2-4AC5-8313-5F712724CDBB}.Release|Any CPU.ActiveCfg = Release|Any CPU
		{C8E3A768-A6E2-4AC5-8313-5F712724CDBB}.Release|Any CPU.Build.0 = Release|Any CPU
		{D605656F-E70C-433A-8F5A-067E0B57666F}.Debug|Any CPU.ActiveCfg = Debug|Any CPU
		{D605656F-E70C-433A-8F5A-067E0B57666F}.Debug|Any CPU.Build.0 = Debug|Any CPU
		{D605656F-E70C-433A-8F5A-067E0B57666F}.Release|Any CPU.ActiveCfg = Release|Any CPU
		{D605656F-E70C-433A-8F5A-067E0B57666F}.Release|Any CPU.Build.0 = Release|Any CPU
		{355D178F-A071-476D-8C71-791890307F1F}.Debug|Any CPU.ActiveCfg = Debug|Any CPU
		{355D178F-A071-476D-8C71-791890307F1F}.Debug|Any CPU.Build.0 = Debug|Any CPU
		{355D178F-A071-476D-8C71-791890307F1F}.Release|Any CPU.ActiveCfg = Release|Any CPU
		{355D178F-A071-476D-8C71-791890307F1F}.Release|Any CPU.Build.0 = Release|Any CPU
		{F8AE50BF-7604-420A-952E-26118374EB73}.Debug|Any CPU.ActiveCfg = Debug|Any CPU
		{F8AE50BF-7604-420A-952E-26118374EB73}.Debug|Any CPU.Build.0 = Debug|Any CPU
		{F8AE50BF-7604-420A-952E-26118374EB73}.Release|Any CPU.ActiveCfg = Release|Any CPU
		{F8AE50BF-7604-420A-952E-26118374EB73}.Release|Any CPU.Build.0 = Release|Any CPU
		{F7D30A7D-0925-4CD8-A76D-C27E80EAA302}.Debug|Any CPU.ActiveCfg = Debug|Any CPU
		{F7D30A7D-0925-4CD8-A76D-C27E80EAA302}.Debug|Any CPU.Build.0 = Debug|Any CPU
		{F7D30A7D-0925-4CD8-A76D-C27E80EAA302}.Release|Any CPU.ActiveCfg = Release|Any CPU
		{F7D30A7D-0925-4CD8-A76D-C27E80EAA302}.Release|Any CPU.Build.0 = Release|Any CPU
		{5EC43176-83E2-4EF2-81F2-9C87DDE869FA}.Debug|Any CPU.ActiveCfg = Debug|Any CPU
		{5EC43176-83E2-4EF2-81F2-9C87DDE869FA}.Debug|Any CPU.Build.0 = Debug|Any CPU
		{5EC43176-83E2-4EF2-81F2-9C87DDE869FA}.Release|Any CPU.ActiveCfg = Release|Any CPU
		{5EC43176-83E2-4EF2-81F2-9C87DDE869FA}.Release|Any CPU.Build.0 = Release|Any CPU
		{19DBAFEA-2F19-46C9-A10C-81539EF7287E}.Debug|Any CPU.ActiveCfg = Debug|Any CPU
		{19DBAFEA-2F19-46C9-A10C-81539EF7287E}.Debug|Any CPU.Build.0 = Debug|Any CPU
		{19DBAFEA-2F19-46C9-A10C-81539EF7287E}.Release|Any CPU.ActiveCfg = Release|Any CPU
		{19DBAFEA-2F19-46C9-A10C-81539EF7287E}.Release|Any CPU.Build.0 = Release|Any CPU
		{139E8B46-358F-457C-8304-B59F0C5ADD7F}.Debug|Any CPU.ActiveCfg = Debug|Any CPU
		{139E8B46-358F-457C-8304-B59F0C5ADD7F}.Debug|Any CPU.Build.0 = Debug|Any CPU
		{139E8B46-358F-457C-8304-B59F0C5ADD7F}.Release|Any CPU.ActiveCfg = Release|Any CPU
		{139E8B46-358F-457C-8304-B59F0C5ADD7F}.Release|Any CPU.Build.0 = Release|Any CPU
		{38B759FC-DFD1-4AA0-B243-553C09820355}.Debug|Any CPU.ActiveCfg = Debug|Any CPU
		{38B759FC-DFD1-4AA0-B243-553C09820355}.Debug|Any CPU.Build.0 = Debug|Any CPU
		{38B759FC-DFD1-4AA0-B243-553C09820355}.Release|Any CPU.ActiveCfg = Release|Any CPU
		{38B759FC-DFD1-4AA0-B243-553C09820355}.Release|Any CPU.Build.0 = Release|Any CPU
		{C7247AD2-94A0-4057-8E61-1F535D5055BC}.Debug|Any CPU.ActiveCfg = Debug|Any CPU
		{C7247AD2-94A0-4057-8E61-1F535D5055BC}.Debug|Any CPU.Build.0 = Debug|Any CPU
		{C7247AD2-94A0-4057-8E61-1F535D5055BC}.Release|Any CPU.ActiveCfg = Release|Any CPU
		{C7247AD2-94A0-4057-8E61-1F535D5055BC}.Release|Any CPU.Build.0 = Release|Any CPU
	EndGlobalSection
	GlobalSection(SolutionProperties) = preSolution
		HideSolutionNode = FALSE
	EndGlobalSection
	GlobalSection(NestedProjects) = preSolution
		{C8E3A768-A6E2-4AC5-8313-5F712724CDBB} = {C2B5161A-7EFE-4111-8EDA-A4001C236681}
		{D605656F-E70C-433A-8F5A-067E0B57666F} = {C2B5161A-7EFE-4111-8EDA-A4001C236681}
		{355D178F-A071-476D-8C71-791890307F1F} = {322C81EA-28F7-4031-884D-07F8E82E2145}
		{F8AE50BF-7604-420A-952E-26118374EB73} = {3EB4E4B1-A869-4167-85AC-61CAD6B5CD58}
		{F7D30A7D-0925-4CD8-A76D-C27E80EAA302} = {3EB4E4B1-A869-4167-85AC-61CAD6B5CD58}
		{5EC43176-83E2-4EF2-81F2-9C87DDE869FA} = {322C81EA-28F7-4031-884D-07F8E82E2145}
		{6AA0B328-4096-4C29-9FAA-B82C4B871B3F} = {DE896136-49DD-4B6E-985F-C1761A1F3A73}
		{19DBAFEA-2F19-46C9-A10C-81539EF7287E} = {C2B5161A-7EFE-4111-8EDA-A4001C236681}
		{139E8B46-358F-457C-8304-B59F0C5ADD7F} = {3EB4E4B1-A869-4167-85AC-61CAD6B5CD58}
		{38B759FC-DFD1-4AA0-B243-553C09820355} = {C2B5161A-7EFE-4111-8EDA-A4001C236681}
		{C7247AD2-94A0-4057-8E61-1F535D5055BC} = {C2B5161A-7EFE-4111-8EDA-A4001C236681}
	EndGlobalSection
EndGlobal
